
Microsoft Visual Studio Solution File, Format Version 12.00
# Visual Studio 2013
VisualStudioVersion = 12.0.21005.1
MinimumVisualStudioVersion = 10.0.40219.1
Project("{FAE04EC0-301F-11D3-BF4B-00C04F79EFBC}") = "OdeToFoodGit", "OdeToFoodGit\OdeToFoodGit.csproj", "{7A10E974-F5AC-434B-AB4E-DD1EC1274BF1}"
EndProject
Project("{FAE04EC0-301F-11D3-BF4B-00C04F79EFBC}") = "OdeToFoodGit.Tests", "OdeToFoodGit.Tests\OdeToFoodGit.Tests.csproj", "{C5AABC49-2801-47F0-93FA-2ED3637604E7}"
EndProject
Global
	GlobalSection(SolutionConfigurationPlatforms) = preSolution
		Debug|Any CPU = Debug|Any CPU
		Release|Any CPU = Release|Any CPU
	EndGlobalSection
	GlobalSection(ProjectConfigurationPlatforms) = postSolution
		{7A10E974-F5AC-434B-AB4E-DD1EC1274BF1}.Debug|Any CPU.ActiveCfg = Debug|Any CPU
		{7A10E974-F5AC-434B-AB4E-DD1EC1274BF1}.Debug|Any CPU.Build.0 = Debug|Any CPU
		{7A10E974-F5AC-434B-AB4E-DD1EC1274BF1}.Release|Any CPU.ActiveCfg = Release|Any CPU
		{7A10E974-F5AC-434B-AB4E-DD1EC1274BF1}.Release|Any CPU.Build.0 = Release|Any CPU
		{C5AABC49-2801-47F0-93FA-2ED3637604E7}.Debug|Any CPU.ActiveCfg = Debug|Any CPU
		{C5AABC49-2801-47F0-93FA-2ED3637604E7}.Debug|Any CPU.Build.0 = Debug|Any CPU
		{C5AABC49-2801-47F0-93FA-2ED3637604E7}.Release|Any CPU.ActiveCfg = Release|Any CPU
		{C5AABC49-2801-47F0-93FA-2ED3637604E7}.Release|Any CPU.Build.0 = Release|Any CPU
	EndGlobalSection
	GlobalSection(SolutionProperties) = preSolution
		HideSolutionNode = FALSE
	EndGlobalSection
EndGlobal
